
Microsoft Visual Studio Solution File, Format Version 12.00
# Visual Studio 15
VisualStudioVersion = 15.0.28307.271
MinimumVisualStudioVersion = 10.0.40219.1
Project("{FAE04EC0-301F-11D3-BF4B-00C04F79EFBC}") = "PhoneClaimsFunctionApp", "PhoneClaimsFunctionApp\PhoneClaimsFunctionApp.csproj", "{C3828AA5-3AA9-4E55-849C-89AEB04EF887}"
EndProject
Global
	GlobalSection(SolutionConfigurationPlatforms) = preSolution
		Debug|Any CPU = Debug|Any CPU
		Release|Any CPU = Release|Any CPU
	EndGlobalSection
	GlobalSection(ProjectConfigurationPlatforms) = postSolution
		{C3828AA5-3AA9-4E55-849C-89AEB04EF887}.Debug|Any CPU.ActiveCfg = Debug|Any CPU
		{C3828AA5-3AA9-4E55-849C-89AEB04EF887}.Debug|Any CPU.Build.0 = Debug|Any CPU
		{C3828AA5-3AA9-4E55-849C-89AEB04EF887}.Release|Any CPU.ActiveCfg = Release|Any CPU
		{C3828AA5-3AA9-4E55-849C-89AEB04EF887}.Release|Any CPU.Build.0 = Release|Any CPU
	EndGlobalSection
	GlobalSection(SolutionProperties) = preSolution
		HideSolutionNode = FALSE
	EndGlobalSection
	GlobalSection(ExtensibilityGlobals) = postSolution
		SolutionGuid = {9184589D-BA21-4BA7-B846-307B64616C6C}
	EndGlobalSection
EndGlobal
